
Microsoft Visual Studio Solution File, Format Version 12.00
# Visual Studio Version 16
VisualStudioVersion = 16.0.29709.97
MinimumVisualStudioVersion = 10.0.40219.1
Project("{FAE04EC0-301F-11D3-BF4B-00C04F79EFBC}") = "EloadasProject", "EloadasProject\EloadasProject.csproj", "{24CB8D2B-DA9A-4B74-8D40-A76E5B557C81}"
EndProject
Global
	GlobalSection(SolutionConfigurationPlatforms) = preSolution
		Debug|Any CPU = Debug|Any CPU
		Release|Any CPU = Release|Any CPU
	EndGlobalSection
	GlobalSection(ProjectConfigurationPlatforms) = postSolution
		{24CB8D2B-DA9A-4B74-8D40-A76E5B557C81}.Debug|Any CPU.ActiveCfg = Debug|Any CPU
		{24CB8D2B-DA9A-4B74-8D40-A76E5B557C81}.Debug|Any CPU.Build.0 = Debug|Any CPU
		{24CB8D2B-DA9A-4B74-8D40-A76E5B557C81}.Release|Any CPU.ActiveCfg = Release|Any CPU
		{24CB8D2B-DA9A-4B74-8D40-A76E5B557C81}.Release|Any CPU.Build.0 = Release|Any CPU
	EndGlobalSection
	GlobalSection(SolutionProperties) = preSolution
		HideSolutionNode = FALSE
	EndGlobalSection
	GlobalSection(ExtensibilityGlobals) = postSolution
		SolutionGuid = {B219B95C-5695-42C3-8693-50C786D2744B}
	EndGlobalSection
EndGlobal
